
Microsoft Visual Studio Solution File, Format Version 12.00
# Visual Studio Version 17
VisualStudioVersion = 17.14.36603.0 d17.14
MinimumVisualStudioVersion = 10.0.40219.1
Project("{FAE04EC0-301F-11D3-BF4B-00C04F79EFBC}") = "MAUIFlyoutBackgroundColorBug", "MAUIFlyoutBackgroundColorBug\MAUIFlyoutBackgroundColorBug.csproj", "{B21D7BB5-A747-426B-A8FE-C37CB1DA035D}"
EndProject
Global
	GlobalSection(SolutionConfigurationPlatforms) = preSolution
		Debug|Any CPU = Debug|Any CPU
		Release|Any CPU = Release|Any CPU
	EndGlobalSection
	GlobalSection(ProjectConfigurationPlatforms) = postSolution
		{B21D7BB5-A747-426B-A8FE-C37CB1DA035D}.Debug|Any CPU.ActiveCfg = Debug|Any CPU
		{B21D7BB5-A747-426B-A8FE-C37CB1DA035D}.Debug|Any CPU.Build.0 = Debug|Any CPU
		{B21D7BB5-A747-426B-A8FE-C37CB1DA035D}.Release|Any CPU.ActiveCfg = Release|Any CPU
		{B21D7BB5-A747-426B-A8FE-C37CB1DA035D}.Release|Any CPU.Build.0 = Release|Any CPU
	EndGlobalSection
	GlobalSection(SolutionProperties) = preSolution
		HideSolutionNode = FALSE
	EndGlobalSection
	GlobalSection(ExtensibilityGlobals) = postSolution
		SolutionGuid = {4420B381-8D46-4FF3-A651-42C5ED16A4F7}
	EndGlobalSection
EndGlobal
